<?xml version="1.0" encoding="utf-8"?>
<Project ToolsVersion="4.0" xmlns="http://schemas.microsoft.com/developer/msbuild/2003">
  <ItemGroup>
    <Filter Include="Source Files">
      <UniqueIdentifier>{4FC737F1-C7A5-4376-A066-2A32D752A2FF}</UniqueIdentifier>
      <Extensions>cpp;c;cc;cxx;def;odl;idl;hpj;bat;asm;asmx</Extensions>
    </Filter>
    <Filter Include="Engine Files">
      <UniqueIdentifier>{93995380-89BD-4b04-88EB-625FBE52EBFB}</UniqueIdentifier>
      <Extensions>h;hpp;hxx;hm;inl;inc;xsd</Extensions>
    </Filter>
    <Filter Include="Resource Files">
      <UniqueIdentifier>{67DA6AB6-F800-4c08-8B7A-83BB121AAD01}</UniqueIdentifier>
      <Extensions>rc;ico;cur;bmp;dlg;rc2;rct;bin;rgs;gif;jpg;jpeg;jpe;resx;tiff;tif;png;wav</Extensions>
    </Filter>
  </ItemGroup>
  <ItemGroup>
    <ClCompile Include="PlaylistExtractor.cpp">
      <Filter>Source Files</Filter>
    </ClCompile>
    <ClCompile Include="Search.cpp">
      <Filter>Source Files</Filter>
    </ClCompile>
    <ClCompile Include="Button.cpp">
      <Filter>Engine Files</Filter>
    </ClCompile>
    <ClCompile Include="Combobox.cpp">
      <Filter>Engine Files</Filter>
    </ClCompile>
    <ClCompile Include="Engine.cpp">
      <Filter>Engine Files</Filter>
    </ClCompile>
    <ClCompile Include="ListBox.cpp">
      <Filter>Engine Files</Filter>
    </ClCompile>
    <ClCompile Include="ListView.cpp">
      <Filter>Engine Files</Filter>
    </ClCompile>
    <ClCompile Include="ProgBar.cpp">
      <Filter>Engine Files</Filter>
    </ClCompile>
    <ClCompile Include="TextBox.cpp">
      <Filter>Engine Files</Filter>
    </ClCompile>
    <ClCompile Include="Toolbar.cpp">
      <Filter>Engine Files</Filter>
    </ClCompile>
    <ClCompile Include="WinMain.cpp">
      <Filter>Engine Files</Filter>
    </ClCompile>
    <ClCompile Include="Control.cpp">
      <Filter>Engine Files</Filter>
    </ClCompile>
    <ClCompile Include="Checkbox.cpp">
      <Filter>Engine Files</Filter>
    </ClCompile>
  </ItemGroup>
  <ItemGroup>
    <ClInclude Include="PlaylistExtractor.h">
      <Filter>Source Files</Filter>
    </ClInclude>
    <ClInclude Include="ProjUtil.h">
      <Filter>Source Files</Filter>
    </ClInclude>
    <ClInclude Include="Search.h">
      <Filter>Source Files</Filter>
    </ClInclude>
    <ClInclude Include="Button.h">
      <Filter>Engine Files</Filter>
    </ClInclude>
    <ClInclude Include="Callable.h">
      <Filter>Engine Files</Filter>
    </ClInclude>
    <ClInclude Include="CallerPtr.h">
      <Filter>Engine Files</Filter>
    </ClInclude>
    <ClInclude Include="Combobox.h">
      <Filter>Engine Files</Filter>
    </ClInclude>
    <ClInclude Include="Engine.h">
      <Filter>Engine Files</Filter>
    </ClInclude>
    <ClInclude Include="Includes.h">
      <Filter>Engine Files</Filter>
    </ClInclude>
    <ClInclude Include="ListBox.h">
      <Filter>Engine Files</Filter>
    </ClInclude>
    <ClInclude Include="ListView.h">
      <Filter>Engine Files</Filter>
    </ClInclude>
    <ClInclude Include="ProgBar.h">
      <Filter>Engine Files</Filter>
    </ClInclude>
    <ClInclude Include="TextBox.h">
      <Filter>Engine Files</Filter>
    </ClInclude>
    <ClInclude Include="Toolbar.h">
      <Filter>Engine Files</Filter>
    </ClInclude>
    <ClInclude Include="resource.h">
      <Filter>Resource Files</Filter>
    </ClInclude>
    <ClInclude Include="Control.h">
      <Filter>Engine Files</Filter>
    </ClInclude>
    <ClInclude Include="Checkbox.h">
      <Filter>Engine Files</Filter>
    </ClInclude>
  </ItemGroup>
  <ItemGroup>
    <Manifest Include="PlaylistExtractor.exe.manifest">
      <Filter>Resource Files</Filter>
    </Manifest>
  </ItemGroup>
  <ItemGroup>
    <ResourceCompile Include="resource.rc">
      <Filter>Resource Files</Filter>
    </ResourceCompile>
  </ItemGroup>
</Project>